Microsoft Visual Studio Solution File, Format Version 12.00
# Visual Studio 15
VisualStudioVersion = 15.0.28307.1209
MinimumVisualStudioVersion = 10.0.40219.1
Project("{8BC9CEB8-8B4A-11D0-8D11-00A0C91BC942}") = "shared_v15", "shared\shared_v15.vcxproj", "{00000C13-EEEE-BBBB-6667-000000030001}"
EndProject
Project("{2150E333-8FDC-42A3-9474-1A3956D46DE8}") = "service", "service", "{7B2BF223-E64B-43C4-9DCC-C81E498DBE13}"
EndProject
Project("{8BC9CEB8-8B4A-11D0-8D11-00A0C91BC942}") = "svc.man_v15", "service.man\svc.man_v15.vcxproj", "{00000C13-EEEE-BBBB-6667-000000030002}"
	ProjectSection(ProjectDependencies) = postProject
		{00000C13-EEEE-BBBB-6667-000000030001} = {00000C13-EEEE-BBBB-6667-000000030001}
	EndProjectSection
EndProject
Project("{8BC9CEB8-8B4A-11D0-8D11-00A0C91BC942}") = "PE_service_v15", "service.pe\PE_service_v15.vcxproj", "{00000C13-EEEE-BBBB-6667-000000030003}"
	ProjectSection(ProjectDependencies) = postProject
		{00000C13-EEEE-BBBB-6667-000000030001} = {00000C13-EEEE-BBBB-6667-000000030001}
		{00000C13-EEEE-BBBB-6667-000000030002} = {00000C13-EEEE-BBBB-6667-000000030002}
		{00000C13-EEEE-BBBB-6667-000000030005} = {00000C13-EEEE-BBBB-6667-000000030005}
		{00000C13-EEEE-BBBB-6667-000000030006} = {00000C13-EEEE-BBBB-6667-000000030006}
		{00000C13-EEEE-BBBB-6667-000000030007} = {00000C13-EEEE-BBBB-6667-000000030007}
		{00000C13-EEEE-BBBB-6667-000000030008} = {00000C13-EEEE-BBBB-6667-000000030008}
		{00000C13-EEEE-BBBB-6667-000000030009} = {00000C13-EEEE-BBBB-6667-000000030009}
		{00000C13-EEEE-BBBB-6667-00000003000A} = {00000C13-EEEE-BBBB-6667-00000003000A}
	EndProjectSection
EndProject
Project("{2150E333-8FDC-42A3-9474-1A3956D46DE8}") = "client", "client", "{7AAC1473-5881-4F3E-974C-9EAFC9C8B7E3}"
EndProject
Project("{8BC9CEB8-8B4A-11D0-8D11-00A0C91BC942}") = "_out_v15", "_out\_out_v15.vcxproj", "{00000C13-EEEE-BBBB-6667-000000030004}"
	ProjectSection(ProjectDependencies) = postProject
		{00000C13-EEEE-BBBB-6667-000000030001} = {00000C13-EEEE-BBBB-6667-000000030001}
		{00000C13-EEEE-BBBB-6667-000000030002} = {00000C13-EEEE-BBBB-6667-000000030002}
		{00000C13-EEEE-BBBB-6667-000000030005} = {00000C13-EEEE-BBBB-6667-000000030005}
		{00000C13-EEEE-BBBB-6667-000000030006} = {00000C13-EEEE-BBBB-6667-000000030006}
	EndProjectSection
EndProject
Project("{8BC9CEB8-8B4A-11D0-8D11-00A0C91BC942}") = "PE_svc.shared_v15", "service.pe.impl\PE_svc.shared_v15.vcxproj", "{00000C13-EEEE-BBBB-6667-000000030005}"
	ProjectSection(ProjectDependencies) = postProject
		{00000C13-EEEE-BBBB-6667-000000030001} = {00000C13-EEEE-BBBB-6667-000000030001}
		{00000C13-EEEE-BBBB-6667-000000030002} = {00000C13-EEEE-BBBB-6667-000000030002}
	EndProjectSection
EndProject
Project("{2150E333-8FDC-42A3-9474-1A3956D46DE8}") = "libs", "libs", "{FF6DE349-28E0-41A5-B8A5-FBAAF26DCF7E}"
EndProject
Project("{8BC9CEB8-8B4A-11D0-8D11-00A0C91BC942}") = "_out.lib_v15", "_out.lib\_out.lib_v15.vcxproj", "{00000C13-EEEE-BBBB-6667-000000030006}"
	ProjectSection(ProjectDependencies) = postProject
		{00000C13-EEEE-BBBB-6667-000000030001} = {00000C13-EEEE-BBBB-6667-000000030001}
	EndProjectSection
EndProject
Project("{8BC9CEB8-8B4A-11D0-8D11-00A0C91BC942}") = "log.lib_v15", "log\log.lib_v15.vcxproj", "{00000C13-EEEE-BBBB-6667-000000030007}"
EndProject
Project("{8BC9CEB8-8B4A-11D0-8D11-00A0C91BC942}") = "procs.lib_v15", "procs\procs.lib_v15.vcxproj", "{00000C13-EEEE-BBBB-6667-000000030008}"
EndProject
Project("{8BC9CEB8-8B4A-11D0-8D11-00A0C91BC942}") = "file_pe.lib_v15", "shared.pe\file_pe.lib_v15.vcxproj", "{00000C13-EEEE-BBBB-6667-000000030009}"
EndProject
Project("{8BC9CEB8-8B4A-11D0-8D11-00A0C91BC942}") = "security.lib_v15", "shared.sec\security.lib_v15.vcxproj", "{00000C13-EEEE-BBBB-6667-00000003000A}"
EndProject
Global
	GlobalSection(SolutionConfigurationPlatforms) = preSolution
		Debug|x64 = Debug|x64
		Debug|x86 = Debug|x86
		Release|x64 = Release|x64
		Release|x86 = Release|x86
	EndGlobalSection
	GlobalSection(ProjectConfigurationPlatforms) = postSolution
		{00000C13-EEEE-BBBB-6667-000000030001}.Debug|x64.ActiveCfg = Debug|x64
		{00000C13-EEEE-BBBB-6667-000000030001}.Debug|x64.Build.0 = Debug|x64
		{00000C13-EEEE-BBBB-6667-000000030001}.Debug|x86.ActiveCfg = Debug|Win32
		{00000C13-EEEE-BBBB-6667-000000030001}.Debug|x86.Build.0 = Debug|Win32
		{00000C13-EEEE-BBBB-6667-000000030001}.Release|x64.ActiveCfg = Release|x64
		{00000C13-EEEE-BBBB-6667-000000030001}.Release|x64.Build.0 = Release|x64
		{00000C13-EEEE-BBBB-6667-000000030001}.Release|x86.ActiveCfg = Release|Win32
		{00000C13-EEEE-BBBB-6667-000000030001}.Release|x86.Build.0 = Release|Win32
		{00000C13-EEEE-BBBB-6667-000000030002}.Debug|x64.ActiveCfg = Debug|x64
		{00000C13-EEEE-BBBB-6667-000000030002}.Debug|x64.Build.0 = Debug|x64
		{00000C13-EEEE-BBBB-6667-000000030002}.Debug|x86.ActiveCfg = Debug|Win32
		{00000C13-EEEE-BBBB-6667-000000030002}.Debug|x86.Build.0 = Debug|Win32
		{00000C13-EEEE-BBBB-6667-000000030002}.Release|x64.ActiveCfg = Release|x64
		{00000C13-EEEE-BBBB-6667-000000030002}.Release|x64.Build.0 = Release|x64
		{00000C13-EEEE-BBBB-6667-000000030002}.Release|x86.ActiveCfg = Release|Win32
		{00000C13-EEEE-BBBB-6667-000000030002}.Release|x86.Build.0 = Release|Win32
		{00000C13-EEEE-BBBB-6667-000000030003}.Debug|x64.ActiveCfg = Debug|x64
		{00000C13-EEEE-BBBB-6667-000000030003}.Debug|x64.Build.0 = Debug|x64
		{00000C13-EEEE-BBBB-6667-000000030003}.Debug|x86.ActiveCfg = Debug|Win32
		{00000C13-EEEE-BBBB-6667-000000030003}.Debug|x86.Build.0 = Debug|Win32
		{00000C13-EEEE-BBBB-6667-000000030003}.Release|x64.ActiveCfg = Release|x64
		{00000C13-EEEE-BBBB-6667-000000030003}.Release|x64.Build.0 = Release|x64
		{00000C13-EEEE-BBBB-6667-000000030003}.Release|x86.ActiveCfg = Release|Win32
		{00000C13-EEEE-BBBB-6667-000000030003}.Release|x86.Build.0 = Release|Win32
		{00000C13-EEEE-BBBB-6667-000000030004}.Debug|x64.ActiveCfg = Debug|x64
		{00000C13-EEEE-BBBB-6667-000000030004}.Debug|x64.Build.0 = Debug|x64
		{00000C13-EEEE-BBBB-6667-000000030004}.Debug|x86.ActiveCfg = Debug|Win32
		{00000C13-EEEE-BBBB-6667-000000030004}.Debug|x86.Build.0 = Debug|Win32
		{00000C13-EEEE-BBBB-6667-000000030004}.Release|x64.ActiveCfg = Release|x64
		{00000C13-EEEE-BBBB-6667-000000030004}.Release|x64.Build.0 = Release|x64
		{00000C13-EEEE-BBBB-6667-000000030004}.Release|x86.ActiveCfg = Release|Win32
		{00000C13-EEEE-BBBB-6667-000000030004}.Release|x86.Build.0 = Release|Win32
		{00000C13-EEEE-BBBB-6667-000000030005}.Debug|x64.ActiveCfg = Debug|x64
		{00000C13-EEEE-BBBB-6667-000000030005}.Debug|x64.Build.0 = Debug|x64
		{00000C13-EEEE-BBBB-6667-000000030005}.Debug|x86.ActiveCfg = Debug|Win32
		{00000C13-EEEE-BBBB-6667-000000030005}.Debug|x86.Build.0 = Debug|Win32
		{00000C13-EEEE-BBBB-6667-000000030005}.Release|x64.ActiveCfg = Release|x64
		{00000C13-EEEE-BBBB-6667-000000030005}.Release|x64.Build.0 = Release|x64
		{00000C13-EEEE-BBBB-6667-000000030005}.Release|x86.ActiveCfg = Release|Win32
		{00000C13-EEEE-BBBB-6667-000000030005}.Release|x86.Build.0 = Release|Win32
		{00000C13-EEEE-BBBB-6667-000000030006}.Debug|x64.ActiveCfg = Debug|x64
		{00000C13-EEEE-BBBB-6667-000000030006}.Debug|x64.Build.0 = Debug|x64
		{00000C13-EEEE-BBBB-6667-000000030006}.Debug|x86.ActiveCfg = Debug|Win32
		{00000C13-EEEE-BBBB-6667-000000030006}.Debug|x86.Build.0 = Debug|Win32
		{00000C13-EEEE-BBBB-6667-000000030006}.Release|x64.ActiveCfg = Release|x64
		{00000C13-EEEE-BBBB-6667-000000030006}.Release|x64.Build.0 = Release|x64
		{00000C13-EEEE-BBBB-6667-000000030006}.Release|x86.ActiveCfg = Release|Win32
		{00000C13-EEEE-BBBB-6667-000000030006}.Release|x86.Build.0 = Release|Win32
		{00000C13-EEEE-BBBB-6667-000000030007}.Debug|x64.ActiveCfg = Debug|x64
		{00000C13-EEEE-BBBB-6667-000000030007}.Debug|x64.Build.0 = Debug|x64
		{00000C13-EEEE-BBBB-6667-000000030007}.Debug|x86.ActiveCfg = Debug|Win32
		{00000C13-EEEE-BBBB-6667-000000030007}.Debug|x86.Build.0 = Debug|Win32
		{00000C13-EEEE-BBBB-6667-000000030007}.Release|x64.ActiveCfg = Release|x64
		{00000C13-EEEE-BBBB-6667-000000030007}.Release|x64.Build.0 = Release|x64
		{00000C13-EEEE-BBBB-6667-000000030007}.Release|x86.ActiveCfg = Release|Win32
		{00000C13-EEEE-BBBB-6667-000000030007}.Release|x86.Build.0 = Release|Win32
		{00000C13-EEEE-BBBB-6667-000000030008}.Debug|x64.ActiveCfg = Debug|x64
		{00000C13-EEEE-BBBB-6667-000000030008}.Debug|x64.Build.0 = Debug|x64
		{00000C13-EEEE-BBBB-6667-000000030008}.Debug|x86.ActiveCfg = Debug|Win32
		{00000C13-EEEE-BBBB-6667-000000030008}.Debug|x86.Build.0 = Debug|Win32
		{00000C13-EEEE-BBBB-6667-000000030008}.Release|x64.ActiveCfg = Release|x64
		{00000C13-EEEE-BBBB-6667-000000030008}.Release|x64.Build.0 = Release|x64
		{00000C13-EEEE-BBBB-6667-000000030008}.Release|x86.ActiveCfg = Release|Win32
		{00000C13-EEEE-BBBB-6667-000000030008}.Release|x86.Build.0 = Release|Win32
		{00000C13-EEEE-BBBB-6667-000000030009}.Debug|x64.ActiveCfg = Debug|x64
		{00000C13-EEEE-BBBB-6667-000000030009}.Debug|x64.Build.0 = Debug|x64
		{00000C13-EEEE-BBBB-6667-000000030009}.Debug|x86.ActiveCfg = Debug|Win32
		{00000C13-EEEE-BBBB-6667-000000030009}.Debug|x86.Build.0 = Debug|Win32
		{00000C13-EEEE-BBBB-6667-000000030009}.Release|x64.ActiveCfg = Release|x64
		{00000C13-EEEE-BBBB-6667-000000030009}.Release|x64.Build.0 = Release|x64
		{00000C13-EEEE-BBBB-6667-000000030009}.Release|x86.ActiveCfg = Release|Win32
		{00000C13-EEEE-BBBB-6667-000000030009}.Release|x86.Build.0 = Release|Win32
		{00000C13-EEEE-BBBB-6667-00000003000A}.Debug|x64.ActiveCfg = Debug|x64
		{00000C13-EEEE-BBBB-6667-00000003000A}.Debug|x64.Build.0 = Debug|x64
		{00000C13-EEEE-BBBB-6667-00000003000A}.Debug|x86.ActiveCfg = Debug|Win32
		{00000C13-EEEE-BBBB-6667-00000003000A}.Debug|x86.Build.0 = Debug|Win32
		{00000C13-EEEE-BBBB-6667-00000003000A}.Release|x64.ActiveCfg = Release|x64
		{00000C13-EEEE-BBBB-6667-00000003000A}.Release|x64.Build.0 = Release|x64
		{00000C13-EEEE-BBBB-6667-00000003000A}.Release|x86.ActiveCfg = Release|Win32
		{00000C13-EEEE-BBBB-6667-00000003000A}.Release|x86.Build.0 = Release|Win32
	EndGlobalSection
	GlobalSection(SolutionProperties) = preSolution
		HideSolutionNode = FALSE
	EndGlobalSection
	GlobalSection(NestedProjects) = preSolution
		{00000C13-EEEE-BBBB-6667-000000030002} = {FF6DE349-28E0-41A5-B8A5-FBAAF26DCF7E}
		{00000C13-EEEE-BBBB-6667-000000030003} = {7B2BF223-E64B-43C4-9DCC-C81E498DBE13}
		{00000C13-EEEE-BBBB-6667-000000030004} = {7AAC1473-5881-4F3E-974C-9EAFC9C8B7E3}
		{00000C13-EEEE-BBBB-6667-000000030005} = {FF6DE349-28E0-41A5-B8A5-FBAAF26DCF7E}
		{FF6DE349-28E0-41A5-B8A5-FBAAF26DCF7E} = {7B2BF223-E64B-43C4-9DCC-C81E498DBE13}
		{00000C13-EEEE-BBBB-6667-000000030006} = {7AAC1473-5881-4F3E-974C-9EAFC9C8B7E3}
	EndGlobalSection
	GlobalSection(ExtensibilityGlobals) = postSolution
		SolutionGuid = {00000C13-EEEE-BBBB-6667-000000030001}
	EndGlobalSection
EndGlobal
